
Microsoft Visual Studio Solution File, Format Version 12.00
# Visual Studio Version 17
VisualStudioVersion = 17.10.35013.160
MinimumVisualStudioVersion = 10.0.40219.1
Project("{FAE04EC0-301F-11D3-BF4B-00C04F79EFBC}") = "E-Commerce", "E-Commerce\E-Commerce.csproj", "{DF9A822B-3F9B-4132-BB0C-773588E638E4}"
EndProject
Global
	GlobalSection(SolutionConfigurationPlatforms) = preSolution
		Debug|Any CPU = Debug|Any CPU
		Release|Any CPU = Release|Any CPU
	EndGlobalSection
	GlobalSection(ProjectConfigurationPlatforms) = postSolution
		{DF9A822B-3F9B-4132-BB0C-773588E638E4}.Debug|Any CPU.ActiveCfg = Debug|Any CPU
		{DF9A822B-3F9B-4132-BB0C-773588E638E4}.Debug|Any CPU.Build.0 = Debug|Any CPU
		{DF9A822B-3F9B-4132-BB0C-773588E638E4}.Release|Any CPU.ActiveCfg = Release|Any CPU
		{DF9A822B-3F9B-4132-BB0C-773588E638E4}.Release|Any CPU.Build.0 = Release|Any CPU
	EndGlobalSection
	GlobalSection(SolutionProperties) = preSolution
		HideSolutionNode = FALSE
	EndGlobalSection
	GlobalSection(ExtensibilityGlobals) = postSolution
		SolutionGuid = {832C764F-E4CC-49B3-BCC5-70A58F8CB9B8}
	EndGlobalSection
EndGlobal
